<?xml version="1.0" encoding="utf-8"?>
<Project ToolsVersion="4.0" xmlns="http://schemas.microsoft.com/developer/msbuild/2003">
  <ItemGroup>
    <Filter Include="Source Files">
      <UniqueIdentifier>{4FC737F1-C7A5-4376-A066-2A32D752A2FF}</UniqueIdentifier>
      <Extensions>cpp;c;cc;cxx;def;odl;idl;hpj;bat;asm;asmx</Extensions>
    </Filter>
    <Filter Include="Header Files">
      <UniqueIdentifier>{93995380-89BD-4b04-88EB-625FBE52EBFB}</UniqueIdentifier>
      <Extensions>h;hh;hpp;hxx;hm;inl;inc;ipp;xsd</Extensions>
    </Filter>
    <Filter Include="Resource Files">
      <UniqueIdentifier>{67DA6AB6-F800-4c08-8B7A-83BB121AAD01}</UniqueIdentifier>
      <Extensions>rc;ico;cur;bmp;dlg;rc2;rct;bin;rgs;gif;jpg;jpeg;jpe;resx;tiff;tif;png;wav;mfcribbon-ms</Extensions>
    </Filter>
  </ItemGroup>
  <ItemGroup>
    <ClInclude Include="stdafx.h">
      <Filter>Header Files</Filter>
    </ClInclude>
    <ClInclude Include="targetver.h">
      <Filter>Header Files</Filter>
    </ClInclude>
    <ClInclude Include="CCoordinate.h">
      <Filter>Header Files</Filter>
    </ClInclude>
    <ClInclude Include="CKinect2Interface.h">
      <Filter>Header Files</Filter>
    </ClInclude>
    <ClInclude Include="util.h">
      <Filter>Header Files</Filter>
    </ClInclude>
    <ClInclude Include="CController.h">
      <Filter>Header Files</Filter>
    </ClInclude>
    <ClInclude Include="CEventQueue.h">
      <Filter>Header Files</Filter>
    </ClInclude>
    <ClInclude Include="CMove.h">
      <Filter>Header Files</Filter>
    </ClInclude>
    <ClInclude Include="CObjectDetection.h">
      <Filter>Header Files</Filter>
    </ClInclude>
    <ClInclude Include="CRoute.h">
      <Filter>Header Files</Filter>
    </ClInclude>
    <ClInclude Include="CBaumerCamera.h">
      <Filter>Header Files</Filter>
    </ClInclude>
    <ClInclude Include="CRobotCommunication.h">
      <Filter>Header Files</Filter>
    </ClInclude>
    <ClInclude Include="sharedMutex.h">
      <Filter>Header Files</Filter>
    </ClInclude>
  </ItemGroup>
  <ItemGroup>
    <ClCompile Include="stdafx.cpp">
      <Filter>Source Files</Filter>
    </ClCompile>
    <ClCompile Include="CCoordinate.cpp">
      <Filter>Source Files</Filter>
    </ClCompile>
    <ClCompile Include="CKinect2Interface.cpp">
      <Filter>Source Files</Filter>
    </ClCompile>
    <ClCompile Include="CController.cpp">
      <Filter>Source Files</Filter>
    </ClCompile>
    <ClCompile Include="CEventQueue.cpp">
      <Filter>Source Files</Filter>
    </ClCompile>
    <ClCompile Include="CMove.cpp">
      <Filter>Source Files</Filter>
    </ClCompile>
    <ClCompile Include="CObjectDetection.cpp">
      <Filter>Source Files</Filter>
    </ClCompile>
    <ClCompile Include="CRoute.cpp">
      <Filter>Source Files</Filter>
    </ClCompile>
    <ClCompile Include="main.cpp">
      <Filter>Source Files</Filter>
    </ClCompile>
    <ClCompile Include="CBaumerCamera.cpp">
      <Filter>Source Files</Filter>
    </ClCompile>
    <ClCompile Include="CRobotCommunication.cpp">
      <Filter>Source Files</Filter>
    </ClCompile>
  </ItemGroup>
</Project>